
Microsoft Visual Studio Solution File, Format Version 12.00
# Visual Studio Version 16
VisualStudioVersion = 16.0.31702.278
MinimumVisualStudioVersion = 10.0.40219.1
Project("{FAE04EC0-301F-11D3-BF4B-00C04F79EFBC}") = "Practica2", "Practica2\Practica2.csproj", "{4E110EF8-ECFC-4310-8E7E-2255463645B6}"
EndProject
Global
	GlobalSection(SolutionConfigurationPlatforms) = preSolution
		Debug|Any CPU = Debug|Any CPU
		Release|Any CPU = Release|Any CPU
	EndGlobalSection
	GlobalSection(ProjectConfigurationPlatforms) = postSolution
		{4E110EF8-ECFC-4310-8E7E-2255463645B6}.Debug|Any CPU.ActiveCfg = Debug|Any CPU
		{4E110EF8-ECFC-4310-8E7E-2255463645B6}.Debug|Any CPU.Build.0 = Debug|Any CPU
		{4E110EF8-ECFC-4310-8E7E-2255463645B6}.Release|Any CPU.ActiveCfg = Release|Any CPU
		{4E110EF8-ECFC-4310-8E7E-2255463645B6}.Release|Any CPU.Build.0 = Release|Any CPU
	EndGlobalSection
	GlobalSection(SolutionProperties) = preSolution
		HideSolutionNode = FALSE
	EndGlobalSection
	GlobalSection(ExtensibilityGlobals) = postSolution
		SolutionGuid = {20525E8A-F153-401B-B8AF-6819E9C6BB1D}
	EndGlobalSection
EndGlobal
